// !$*UTF8*$!
{
	archiveVersion = 1;
	classes = {
	};
	objectVersion = 51;
	objects = {

/* Begin PBXBuildFile section */
		1D0DA5B623C9F7B500BE11A6 /* AppDelegate.m in Sources */ = {isa = PBXBuildFile; fileRef = 1D0DA5B523C9F7B500BE11A6 /* AppDelegate.m */; };
		1D0DA5B923C9F7B500BE11A6 /* SceneDelegate.m in Sources */ = {isa = PBXBuildFile; fileRef = 1D0DA5B823C9F7B500BE11A6 /* SceneDelegate.m */; };
		1D0DA5BC23C9F7B500BE11A6 /* OSEHistroyDetailViewController.m in Sources */ = {isa = PBXBuildFile; fileRef = 1D0DA5BB23C9F7B500BE11A6 /* OSEHistroyDetailViewController.m */; };
		1D0DA5BF23C9F7B500BE11A6 /* Main.storyboard in Resources */ = {isa = PBXBuildFile; fileRef = 1D0DA5BD23C9F7B500BE11A6 /* Main.storyboard */; };
		1D0DA5C123C9F7B600BE11A6 /* Assets.xcassets in Resources */ = {isa = PBXBuildFile; fileRef = 1D0DA5C023C9F7B600BE11A6 /* Assets.xcassets */; };
		1D0DA5C423C9F7B600BE11A6 /* LaunchScreen.storyboard in Resources */ = {isa = PBXBuildFile; fileRef = 1D0DA5C223C9F7B600BE11A6 /* LaunchScreen.storyboard */; };
		1D0DA5C723C9F7B600BE11A6 /* main.m in Sources */ = {isa = PBXBuildFile; fileRef = 1D0DA5C623C9F7B600BE11A6 /* main.m */; };
		1D38B18123E95A0600DCE9F2 /* OSEBaseViewController.m in Sources */ = {isa = PBXBuildFile; fileRef = 1D38B18023E95A0600DCE9F2 /* OSEBaseViewController.m */; };
		1D38B18423E966EF00DCE9F2 /* OSEResponder.m in Sources */ = {isa = PBXBuildFile; fileRef = 1D38B18323E966EF00DCE9F2 /* OSEResponder.m */; };
		1D40937E242861EE00954C46 /* OSESlideMenuController.m in Sources */ = {isa = PBXBuildFile; fileRef = 1D409379242861ED00954C46 /* OSESlideMenuController.m */; };
		1D4093842428626E00954C46 /* OSELeftMenuController.xib in Resources */ = {isa = PBXBuildFile; fileRef = 1D4093822428626E00954C46 /* OSELeftMenuController.xib */; };
		1D4093852428626E00954C46 /* OSELeftMenuController.m in Sources */ = {isa = PBXBuildFile; fileRef = 1D4093832428626E00954C46 /* OSELeftMenuController.m */; };
		1D409390242895C900954C46 /* OSESearchCenterViewController.m in Sources */ = {isa = PBXBuildFile; fileRef = 1D40938F242895C900954C46 /* OSESearchCenterViewController.m */; };
		1D4C09CA23F1B512004AD0D5 /* InfoPlist.strings in Resources */ = {isa = PBXBuildFile; fileRef = 1D4C09CC23F1B512004AD0D5 /* InfoPlist.strings */; };
		1D4C09D623F1B732004AD0D5 /* Localizable.strings in Resources */ = {isa = PBXBuildFile; fileRef = 1D4C09D823F1B732004AD0D5 /* Localizable.strings */; };
		1DA206AD23F0578700675475 /* 亚马逊.mp4 in Resources */ = {isa = PBXBuildFile; fileRef = 1DA206A723F0578600675475 /* 亚马逊.mp4 */; };
		1DA206AE23F0578700675475 /* 京东.mp4 in Resources */ = {isa = PBXBuildFile; fileRef = 1DA206A823F0578600675475 /* 京东.mp4 */; };
		1DA206AF23F0578700675475 /* 天猫.mp4 in Resources */ = {isa = PBXBuildFile; fileRef = 1DA206A923F0578600675475 /* 天猫.mp4 */; };
		1DA206B023F0578700675475 /* 当当.mp4 in Resources */ = {isa = PBXBuildFile; fileRef = 1DA206AA23F0578700675475 /* 当当.mp4 */; };
		1DA206B123F0578700675475 /* 淘宝.mp4 in Resources */ = {isa = PBXBuildFile; fileRef = 1DA206AB23F0578700675475 /* 淘宝.mp4 */; };
		1DA206B223F0578700675475 /* 考拉海购.mp4 in Resources */ = {isa = PBXBuildFile; fileRef = 1DA206AC23F0578700675475 /* 考拉海购.mp4 */; };
		1DA3657B23EC81E700068EEF /* OSETutorialViewController.m in Sources */ = {isa = PBXBuildFile; fileRef = 1DA3657A23EC81E700068EEF /* OSETutorialViewController.m */; };
		1DD8E9E323EFF1D400603887 /* OSEMutableDictionary.m in Sources */ = {isa = PBXBuildFile; fileRef = 1DD8E9E223EFF1D400603887 /* OSEMutableDictionary.m */; };
		1DE6311523E7D549002D0C0A /* OSEHomeViewController.m in Sources */ = {isa = PBXBuildFile; fileRef = 1DE6311423E7D549002D0C0A /* OSEHomeViewController.m */; };
		1DEA1E6623ED2D5C00AC594A /* OSETutorialDetailViewController.m in Sources */ = {isa = PBXBuildFile; fileRef = 1DEA1E6523ED2D5C00AC594A /* OSETutorialDetailViewController.m */; };
		E40500F22B43ED6248EFD1E0 /* Pods_OnlineShoppingEdge.framework in Frameworks */ = {isa = PBXBuildFile; fileRef = 32A624950E6961521CAE6AFD /* Pods_OnlineShoppingEdge.framework */; };
/* End PBXBuildFile section */

/* Begin PBXFileReference section */
		1D0DA5B123C9F7B500BE11A6 /* 网购利刃.app */ = {isa = PBXFileReference; explicitFileType = wrapper.application; includeInIndex = 0; path = "网购利刃.app"; sourceTree = BUILT_PRODUCTS_DIR; };
		1D0DA5B423C9F7B500BE11A6 /* AppDelegate.h */ = {isa = PBXFileReference; lastKnownFileType = sourcecode.c.h; path = AppDelegate.h; sourceTree = "<group>"; };
		1D0DA5B523C9F7B500BE11A6 /* AppDelegate.m */ = {isa = PBXFileReference; lastKnownFileType = sourcecode.c.objc; path = AppDelegate.m; sourceTree = "<group>"; };
		1D0DA5B723C9F7B500BE11A6 /* SceneDelegate.h */ = {isa = PBXFileReference; lastKnownFileType = sourcecode.c.h; path = SceneDelegate.h; sourceTree = "<group>"; };
		1D0DA5B823C9F7B500BE11A6 /* SceneDelegate.m */ = {isa = PBXFileReference; lastKnownFileType = sourcecode.c.objc; path = SceneDelegate.m; sourceTree = "<group>"; };
		1D0DA5BA23C9F7B500BE11A6 /* OSEHistroyDetailViewController.h */ = {isa = PBXFileReference; lastKnownFileType = sourcecode.c.h; path = OSEHistroyDetailViewController.h; sourceTree = "<group>"; };
		1D0DA5BB23C9F7B500BE11A6 /* OSEHistroyDetailViewController.m */ = {isa = PBXFileReference; lastKnownFileType = sourcecode.c.objc; path = OSEHistroyDetailViewController.m; sourceTree = "<group>"; };
		1D0DA5BE23C9F7B500BE11A6 /* Base */ = {isa = PBXFileReference; lastKnownFileType = file.storyboard; name = Base; path = Base.lproj/Main.storyboard; sourceTree = "<group>"; };
		1D0DA5C023C9F7B600BE11A6 /* Assets.xcassets */ = {isa = PBXFileReference; lastKnownFileType = folder.assetcatalog; path = Assets.xcassets; sourceTree = "<group>"; };
		1D0DA5C323C9F7B600BE11A6 /* Base */ = {isa = PBXFileReference; lastKnownFileType = file.storyboard; name = Base; path = Base.lproj/LaunchScreen.storyboard; sourceTree = "<group>"; };
		1D0DA5C523C9F7B600BE11A6 /* Info.plist */ = {isa = PBXFileReference; lastKnownFileType = text.plist.xml; path = Info.plist; sourceTree = "<group>"; };
		1D0DA5C623C9F7B600BE11A6 /* main.m */ = {isa = PBXFileReference; lastKnownFileType = sourcecode.c.objc; path = main.m; sourceTree = "<group>"; };
		1D38B17F23E95A0600DCE9F2 /* OSEBaseViewController.h */ = {isa = PBXFileReference; lastKnownFileType = sourcecode.c.h; path = OSEBaseViewController.h; sourceTree = "<group>"; };
		1D38B18023E95A0600DCE9F2 /* OSEBaseViewController.m */ = {isa = PBXFileReference; lastKnownFileType = sourcecode.c.objc; path = OSEBaseViewController.m; sourceTree = "<group>"; };
		1D38B18223E966EF00DCE9F2 /* OSEResponder.h */ = {isa = PBXFileReference; lastKnownFileType = sourcecode.c.h; path = OSEResponder.h; sourceTree = "<group>"; };
		1D38B18323E966EF00DCE9F2 /* OSEResponder.m */ = {isa = PBXFileReference; lastKnownFileType = sourcecode.c.objc; path = OSEResponder.m; sourceTree = "<group>"; };
		1D409379242861ED00954C46 /* OSESlideMenuController.m */ = {isa = PBXFileReference; fileEncoding = 4; lastKnownFileType = sourcecode.c.objc; path = OSESlideMenuController.m; sourceTree = "<group>"; };
		1D40937C242861ED00954C46 /* OSESlideMenuController.h */ = {isa = PBXFileReference; fileEncoding = 4; lastKnownFileType = sourcecode.c.h; path = OSESlideMenuController.h; sourceTree = "<group>"; };
		1D4093812428626E00954C46 /* OSELeftMenuController.h */ = {isa = PBXFileReference; fileEncoding = 4; lastKnownFileType = sourcecode.c.h; path = OSELeftMenuController.h; sourceTree = "<group>"; };
		1D4093822428626E00954C46 /* OSELeftMenuController.xib */ = {isa = PBXFileReference; fileEncoding = 4; lastKnownFileType = file.xib; path = OSELeftMenuController.xib; sourceTree = "<group>"; };
		1D4093832428626E00954C46 /* OSELeftMenuController.m */ = {isa = PBXFileReference; fileEncoding = 4; lastKnownFileType = sourcecode.c.objc; path = OSELeftMenuController.m; sourceTree = "<group>"; };
		1D40938E242895C900954C46 /* OSESearchCenterViewController.h */ = {isa = PBXFileReference; fileEncoding = 4; lastKnownFileType = sourcecode.c.h; path = OSESearchCenterViewController.h; sourceTree = "<group>"; };
		1D40938F242895C900954C46 /* OSESearchCenterViewController.m */ = {isa = PBXFileReference; fileEncoding = 4; lastKnownFileType = sourcecode.c.objc; path = OSESearchCenterViewController.m; sourceTree = "<group>"; };
		1D4C09C623F1B459004AD0D5 /* zh-Hans */ = {isa = PBXFileReference; lastKnownFileType = text.plist.strings; name = "zh-Hans"; path = "zh-Hans.lproj/LaunchScreen.strings"; sourceTree = "<group>"; };
		1D4C09C723F1B459004AD0D5 /* zh-Hans */ = {isa = PBXFileReference; lastKnownFileType = text.plist.strings; name = "zh-Hans"; path = "zh-Hans.lproj/Main.strings"; sourceTree = "<group>"; };
		1D4C09CB23F1B512004AD0D5 /* en */ = {isa = PBXFileReference; lastKnownFileType = text.plist.strings; name = en; path = en.lproj/InfoPlist.strings; sourceTree = "<group>"; };
		1D4C09CD23F1B51A004AD0D5 /* zh-Hans */ = {isa = PBXFileReference; lastKnownFileType = text.plist.strings; name = "zh-Hans"; path = "zh-Hans.lproj/InfoPlist.strings"; sourceTree = "<group>"; };
		1D4C09CE23F1B554004AD0D5 /* zh-HK */ = {isa = PBXFileReference; lastKnownFileType = text.plist.strings; name = "zh-HK"; path = "zh-HK.lproj/LaunchScreen.strings"; sourceTree = "<group>"; };
		1D4C09CF23F1B555004AD0D5 /* zh-HK */ = {isa = PBXFileReference; lastKnownFileType = text.plist.strings; name = "zh-HK"; path = "zh-HK.lproj/Main.strings"; sourceTree = "<group>"; };
		1D4C09D023F1B555004AD0D5 /* zh-HK */ = {isa = PBXFileReference; lastKnownFileType = text.plist.strings; name = "zh-HK"; path = "zh-HK.lproj/InfoPlist.strings"; sourceTree = "<group>"; };
		1D4C09D123F1B55B004AD0D5 /* zh-Hant */ = {isa = PBXFileReference; lastKnownFileType = text.plist.strings; name = "zh-Hant"; path = "zh-Hant.lproj/LaunchScreen.strings"; sourceTree = "<group>"; };
		1D4C09D223F1B55B004AD0D5 /* zh-Hant */ = {isa = PBXFileReference; lastKnownFileType = text.plist.strings; name = "zh-Hant"; path = "zh-Hant.lproj/Main.strings"; sourceTree = "<group>"; };
		1D4C09D323F1B55B004AD0D5 /* zh-Hant */ = {isa = PBXFileReference; lastKnownFileType = text.plist.strings; name = "zh-Hant"; path = "zh-Hant.lproj/InfoPlist.strings"; sourceTree = "<group>"; };
		1D4C09D723F1B732004AD0D5 /* en */ = {isa = PBXFileReference; lastKnownFileType = text.plist.strings; name = en; path = en.lproj/Localizable.strings; sourceTree = "<group>"; };
		1D4C09D923F1B734004AD0D5 /* zh-HK */ = {isa = PBXFileReference; lastKnownFileType = text.plist.strings; name = "zh-HK"; path = "zh-HK.lproj/Localizable.strings"; sourceTree = "<group>"; };
		1D4C09DA23F1B735004AD0D5 /* zh-Hans */ = {isa = PBXFileReference; lastKnownFileType = text.plist.strings; name = "zh-Hans"; path = "zh-Hans.lproj/Localizable.strings"; sourceTree = "<group>"; };
		1D4C09DB23F1B736004AD0D5 /* zh-Hant */ = {isa = PBXFileReference; lastKnownFileType = text.plist.strings; name = "zh-Hant"; path = "zh-Hant.lproj/Localizable.strings"; sourceTree = "<group>"; };
		1DA206A723F0578600675475 /* 亚马逊.mp4 */ = {isa = PBXFileReference; lastKnownFileType = file; path = "亚马逊.mp4"; sourceTree = "<group>"; };
		1DA206A823F0578600675475 /* 京东.mp4 */ = {isa = PBXFileReference; lastKnownFileType = file; path = "京东.mp4"; sourceTree = "<group>"; };
		1DA206A923F0578600675475 /* 天猫.mp4 */ = {isa = PBXFileReference; lastKnownFileType = file; path = "天猫.mp4"; sourceTree = "<group>"; };
		1DA206AA23F0578700675475 /* 当当.mp4 */ = {isa = PBXFileReference; lastKnownFileType = file; path = "当当.mp4"; sourceTree = "<group>"; };
		1DA206AB23F0578700675475 /* 淘宝.mp4 */ = {isa = PBXFileReference; lastKnownFileType = file; path = "淘宝.mp4"; sourceTree = "<group>"; };
		1DA206AC23F0578700675475 /* 考拉海购.mp4 */ = {isa = PBXFileReference; lastKnownFileType = file; path = "考拉海购.mp4"; sourceTree = "<group>"; };
		1DA3657923EC81E700068EEF /* OSETutorialViewController.h */ = {isa = PBXFileReference; lastKnownFileType = sourcecode.c.h; path = OSETutorialViewController.h; sourceTree = "<group>"; };
		1DA3657A23EC81E700068EEF /* OSETutorialViewController.m */ = {isa = PBXFileReference; lastKnownFileType = sourcecode.c.objc; path = OSETutorialViewController.m; sourceTree = "<group>"; };
		1DBE30FE23F04AC100A07DA4 /* CommonDefine.h */ = {isa = PBXFileReference; lastKnownFileType = sourcecode.c.h; path = CommonDefine.h; sourceTree = "<group>"; };
		1DD8E9E123EFF1D400603887 /* OSEMutableDictionary.h */ = {isa = PBXFileReference; lastKnownFileType = sourcecode.c.h; path = OSEMutableDictionary.h; sourceTree = "<group>"; };
		1DD8E9E223EFF1D400603887 /* OSEMutableDictionary.m */ = {isa = PBXFileReference; lastKnownFileType = sourcecode.c.objc; path = OSEMutableDictionary.m; sourceTree = "<group>"; };
		1DE6311323E7D549002D0C0A /* OSEHomeViewController.h */ = {isa = PBXFileReference; lastKnownFileType = sourcecode.c.h; path = OSEHomeViewController.h; sourceTree = "<group>"; };
		1DE6311423E7D549002D0C0A /* OSEHomeViewController.m */ = {isa = PBXFileReference; lastKnownFileType = sourcecode.c.objc; path = OSEHomeViewController.m; sourceTree = "<group>"; };
		1DEA1E6423ED2D5C00AC594A /* OSETutorialDetailViewController.h */ = {isa = PBXFileReference; lastKnownFileType = sourcecode.c.h; path = OSETutorialDetailViewController.h; sourceTree = "<group>"; };
		1DEA1E6523ED2D5C00AC594A /* OSETutorialDetailViewController.m */ = {isa = PBXFileReference; lastKnownFileType = sourcecode.c.objc; path = OSETutorialDetailViewController.m; sourceTree = "<group>"; };
		32A624950E6961521CAE6AFD /* Pods_OnlineShoppingEdge.framework */ = {isa = PBXFileReference; explicitFileType = wrapper.framework; includeInIndex = 0; path = Pods_OnlineShoppingEdge.framework; sourceTree = BUILT_PRODUCTS_DIR; };
		9BB9F59484FB019A5163DD4B /* Pods-OnlineShoppingEdge.release.xcconfig */ = {isa = PBXFileReference; includeInIndex = 1; lastKnownFileType = text.xcconfig; name = "Pods-OnlineShoppingEdge.release.xcconfig"; path = "Target Support Files/Pods-OnlineShoppingEdge/Pods-OnlineShoppingEdge.release.xcconfig"; sourceTree = "<group>"; };
		C6826047F940E9CB65D4316A /* Pods-OnlineShoppingEdge.debug.xcconfig */ = {isa = PBXFileReference; includeInIndex = 1; lastKnownFileType = text.xcconfig; name = "Pods-OnlineShoppingEdge.debug.xcconfig"; path = "Target Support Files/Pods-OnlineShoppingEdge/Pods-OnlineShoppingEdge.debug.xcconfig"; sourceTree = "<group>"; };
/* End PBXFileReference section */

/* Begin PBXFrameworksBuildPhase section */
		1D0DA5AE23C9F7B500BE11A6 /* Frameworks */ = {
			isa = PBXFrameworksBuildPhase;
			buildActionMask = 2147483647;
			files = (
				E40500F22B43ED6248EFD1E0 /* Pods_OnlineShoppingEdge.framework in Frameworks */,
			);
			runOnlyForDeploymentPostprocessing = 0;
		};
/* End PBXFrameworksBuildPhase section */

/* Begin PBXGroup section */
		1D0DA5A823C9F7B400BE11A6 = {
			isa = PBXGroup;
			children = (
				1D0DA5B323C9F7B500BE11A6 /* OnlineShoppingEdge */,
				1D0DA5B223C9F7B500BE11A6 /* Products */,
				DF6B82507874B57C97B6B290 /* Pods */,
				8E38253EE87B680136601BB5 /* Frameworks */,
			);
			sourceTree = "<group>";
		};
		1D0DA5B223C9F7B500BE11A6 /* Products */ = {
			isa = PBXGroup;
			children = (
				1D0DA5B123C9F7B500BE11A6 /* 网购利刃.app */,
			);
			name = Products;
			sourceTree = "<group>";
		};
		1D0DA5B323C9F7B500BE11A6 /* OnlineShoppingEdge */ = {
			isa = PBXGroup;
			children = (
				1D38B18923E968A300DCE9F2 /* Other */,
				1D38B18823E967E200DCE9F2 /* Base */,
				1D38B18523E967D600DCE9F2 /* Modules */,
				1DA206A623F0576200675475 /* Resource */,
				1D0DA5C223C9F7B600BE11A6 /* LaunchScreen.storyboard */,
				1D0DA5BD23C9F7B500BE11A6 /* Main.storyboard */,
				1D0DA5C523C9F7B600BE11A6 /* Info.plist */,
				1D0DA5C623C9F7B600BE11A6 /* main.m */,
			);
			path = OnlineShoppingEdge;
			sourceTree = "<group>";
		};
		1D38B18523E967D600DCE9F2 /* Modules */ = {
			isa = PBXGroup;
			children = (
				1D40938D242895C900954C46 /* SearchCenter */,
				1DA3657823EC81D300068EEF /* Tutorial */,
				1D38B18623E967D600DCE9F2 /* Home */,
				1D38B18723E967D600DCE9F2 /* HistoryDetail */,
			);
			path = Modules;
			sourceTree = "<group>";
		};
		1D38B18623E967D600DCE9F2 /* Home */ = {
			isa = PBXGroup;
			children = (
				1DE6311323E7D549002D0C0A /* OSEHomeViewController.h */,
				1DE6311423E7D549002D0C0A /* OSEHomeViewController.m */,
			);
			path = Home;
			sourceTree = "<group>";
		};
		1D38B18723E967D600DCE9F2 /* HistoryDetail */ = {
			isa = PBXGroup;
			children = (
				1D0DA5BA23C9F7B500BE11A6 /* OSEHistroyDetailViewController.h */,
				1D0DA5BB23C9F7B500BE11A6 /* OSEHistroyDetailViewController.m */,
			);
			path = HistoryDetail;
			sourceTree = "<group>";
		};
		1D38B18823E967E200DCE9F2 /* Base */ = {
			isa = PBXGroup;
			children = (
				1DBE30FE23F04AC100A07DA4 /* CommonDefine.h */,
				1D38B18223E966EF00DCE9F2 /* OSEResponder.h */,
				1D38B18323E966EF00DCE9F2 /* OSEResponder.m */,
				1DD8E9E123EFF1D400603887 /* OSEMutableDictionary.h */,
				1DD8E9E223EFF1D400603887 /* OSEMutableDictionary.m */,
				1D38B17F23E95A0600DCE9F2 /* OSEBaseViewController.h */,
				1D38B18023E95A0600DCE9F2 /* OSEBaseViewController.m */,
			);
			path = Base;
			sourceTree = "<group>";
		};
		1D38B18923E968A300DCE9F2 /* Other */ = {
			isa = PBXGroup;
			children = (
				1D409378242861ED00954C46 /* SlideMenuController */,
				1D0DA5B423C9F7B500BE11A6 /* AppDelegate.h */,
				1D0DA5B523C9F7B500BE11A6 /* AppDelegate.m */,
				1D0DA5B723C9F7B500BE11A6 /* SceneDelegate.h */,
				1D0DA5B823C9F7B500BE11A6 /* SceneDelegate.m */,
			);
			path = Other;
			sourceTree = "<group>";
		};
		1D409378242861ED00954C46 /* SlideMenuController */ = {
			isa = PBXGroup;
			children = (
				1D40937C242861ED00954C46 /* OSESlideMenuController.h */,
				1D409379242861ED00954C46 /* OSESlideMenuController.m */,
				1D4093812428626E00954C46 /* OSELeftMenuController.h */,
				1D4093832428626E00954C46 /* OSELeftMenuController.m */,
				1D4093822428626E00954C46 /* OSELeftMenuController.xib */,
			);
			path = SlideMenuController;
			sourceTree = "<group>";
		};
		1D40938D242895C900954C46 /* SearchCenter */ = {
			isa = PBXGroup;
			children = (
				1D40938E242895C900954C46 /* OSESearchCenterViewController.h */,
				1D40938F242895C900954C46 /* OSESearchCenterViewController.m */,
			);
			path = SearchCenter;
			sourceTree = "<group>";
		};
		1DA206A623F0576200675475 /* Resource */ = {
			isa = PBXGroup;
			children = (
				1D0DA5C023C9F7B600BE11A6 /* Assets.xcassets */,
				1D4C09D823F1B732004AD0D5 /* Localizable.strings */,
				1D4C09CC23F1B512004AD0D5 /* InfoPlist.strings */,
				1DA206AA23F0578700675475 /* 当当.mp4 */,
				1DA206A823F0578600675475 /* 京东.mp4 */,
				1DA206AC23F0578700675475 /* 考拉海购.mp4 */,
				1DA206AB23F0578700675475 /* 淘宝.mp4 */,
				1DA206A923F0578600675475 /* 天猫.mp4 */,
				1DA206A723F0578600675475 /* 亚马逊.mp4 */,
			);
			path = Resource;
			sourceTree = "<group>";
		};
		1DA3657823EC81D300068EEF /* Tutorial */ = {
			isa = PBXGroup;
			children = (
				1DA3657923EC81E700068EEF /* OSETutorialViewController.h */,
				1DA3657A23EC81E700068EEF /* OSETutorialViewController.m */,
				1DEA1E6423ED2D5C00AC594A /* OSETutorialDetailViewController.h */,
				1DEA1E6523ED2D5C00AC594A /* OSETutorialDetailViewController.m */,
			);
			path = Tutorial;
			sourceTree = "<group>";
		};
		8E38253EE87B680136601BB5 /* Frameworks */ = {
			isa = PBXGroup;
			children = (
				32A624950E6961521CAE6AFD /* Pods_OnlineShoppingEdge.framework */,
			);
			name = Frameworks;
			sourceTree = "<group>";
		};
		DF6B82507874B57C97B6B290 /* Pods */ = {
			isa = PBXGroup;
			children = (
				C6826047F940E9CB65D4316A /* Pods-OnlineShoppingEdge.debug.xcconfig */,
				9BB9F59484FB019A5163DD4B /* Pods-OnlineShoppingEdge.release.xcconfig */,
			);
			path = Pods;
			sourceTree = "<group>";
		};
/* End PBXGroup section */

/* Begin PBXNativeTarget section */
		1D0DA5B023C9F7B500BE11A6 /* OnlineShoppingEdge */ = {
			isa = PBXNativeTarget;
			buildConfigurationList = 1D0DA5CA23C9F7B600BE11A6 /* Build configuration list for PBXNativeTarget "OnlineShoppingEdge" */;
			buildPhases = (
				3A065CD153D7461816A09D76 /* [CP] Check Pods Manifest.lock */,
				1D0DA5AD23C9F7B500BE11A6 /* Sources */,
				1D0DA5AE23C9F7B500BE11A6 /* Frameworks */,
				1D0DA5AF23C9F7B500BE11A6 /* Resources */,
				429D388226FD5C07B7E050F5 /* [CP] Embed Pods Frameworks */,
			);
			buildRules = (
			);
			dependencies = (
			);
			name = OnlineShoppingEdge;
			productName = OnlineShoppingEdge;
			productReference = 1D0DA5B123C9F7B500BE11A6 /* 网购利刃.app */;
			productType = "com.apple.product-type.application";
		};
/* End PBXNativeTarget section */

/* Begin PBXProject section */
		1D0DA5A923C9F7B400BE11A6 /* Project object */ = {
			isa = PBXProject;
			attributes = {
				CLASSPREFIX = OSE;
				LastUpgradeCheck = 1130;
				ORGANIZATIONNAME = luting;
				TargetAttributes = {
					1D0DA5B023C9F7B500BE11A6 = {
						CreatedOnToolsVersion = 11.3;
					};
				};
			};
			buildConfigurationList = 1D0DA5AC23C9F7B400BE11A6 /* Build configuration list for PBXProject "OnlineShoppingEdge" */;
			compatibilityVersion = "Xcode 9.3";
			developmentRegion = en;
			hasScannedForEncodings = 0;
			knownRegions = (
				en,
				Base,
				"zh-Hans",
				"zh-HK",
				"zh-Hant",
			);
			mainGroup = 1D0DA5A823C9F7B400BE11A6;
			productRefGroup = 1D0DA5B223C9F7B500BE11A6 /* Products */;
			projectDirPath = "";
			projectRoot = "";
			targets = (
				1D0DA5B023C9F7B500BE11A6 /* OnlineShoppingEdge */,
			);
		};
/* End PBXProject section */

/* Begin PBXResourcesBuildPhase section */
		1D0DA5AF23C9F7B500BE11A6 /* Resources */ = {
			isa = PBXResourcesBuildPhase;
			buildActionMask = 2147483647;
			files = (
				1DA206AE23F0578700675475 /* 京东.mp4 in Resources */,
				1DA206B023F0578700675475 /* 当当.mp4 in Resources */,
				1D4C09D623F1B732004AD0D5 /* Localizable.strings in Resources */,
				1DA206B223F0578700675475 /* 考拉海购.mp4 in Resources */,
				1DA206B123F0578700675475 /* 淘宝.mp4 in Resources */,
				1D0DA5C423C9F7B600BE11A6 /* LaunchScreen.storyboard in Resources */,
				1D0DA5C123C9F7B600BE11A6 /* Assets.xcassets in Resources */,
				1DA206AD23F0578700675475 /* 亚马逊.mp4 in Resources */,
				1D0DA5BF23C9F7B500BE11A6 /* Main.storyboard in Resources */,
				1DA206AF23F0578700675475 /* 天猫.mp4 in Resources */,
				1D4C09CA23F1B512004AD0D5 /* InfoPlist.strings in Resources */,
				1D4093842428626E00954C46 /* OSELeftMenuController.xib in Resources */,
			);
			runOnlyForDeploymentPostprocessing = 0;
		};
/* End PBXResourcesBuildPhase section */

/* Begin PBXShellScriptBuildPhase section */
		3A065CD153D7461816A09D76 /* [CP] Check Pods Manifest.lock */ = {
			isa = PBXShellScriptBuildPhase;
			buildActionMask = 2147483647;
			files = (
			);
			inputFileListPaths = (
			);
			inputPaths = (
				"${PODS_PODFILE_DIR_PATH}/Podfile.lock",
				"${PODS_ROOT}/Manifest.lock",
			);
			name = "[CP] Check Pods Manifest.lock";
			outputFileListPaths = (
			);
			outputPaths = (
				"$(DERIVED_FILE_DIR)/Pods-OnlineShoppingEdge-checkManifestLockResult.txt",
			);
			runOnlyForDeploymentPostprocessing = 0;
			shellPath = /bin/sh;
			shellScript = "diff \"${PODS_PODFILE_DIR_PATH}/Podfile.lock\" \"${PODS_ROOT}/Manifest.lock\" > /dev/null\nif [ $? != 0 ] ; then\n    # print error to STDERR\n    echo \"error: The sandbox is not in sync with the Podfile.lock. Run 'pod install' or update your CocoaPods installation.\" >&2\n    exit 1\nfi\n# This output is used by Xcode 'outputs' to avoid re-running this script phase.\necho \"SUCCESS\" > \"${SCRIPT_OUTPUT_FILE_0}\"\n";
			showEnvVarsInLog = 0;
		};
		429D388226FD5C07B7E050F5 /* [CP] Embed Pods Frameworks */ = {
			isa = PBXShellScriptBuildPhase;
			buildActionMask = 2147483647;
			files = (
			);
			inputFileListPaths = (
				"${PODS_ROOT}/Target Support Files/Pods-OnlineShoppingEdge/Pods-OnlineShoppingEdge-frameworks-${CONFIGURATION}-input-files.xcfilelist",
			);
			name = "[CP] Embed Pods Frameworks";
			outputFileListPaths = (
				"${PODS_ROOT}/Target Support Files/Pods-OnlineShoppingEdge/Pods-OnlineShoppingEdge-frameworks-${CONFIGURATION}-output-files.xcfilelist",
			);
			runOnlyForDeploymentPostprocessing = 0;
			shellPath = /bin/sh;
			shellScript = "\"${PODS_ROOT}/Target Support Files/Pods-OnlineShoppingEdge/Pods-OnlineShoppingEdge-frameworks.sh\"\n";
			showEnvVarsInLog = 0;
		};
/* End PBXShellScriptBuildPhase section */

/* Begin PBXSourcesBuildPhase section */
		1D0DA5AD23C9F7B500BE11A6 /* Sources */ = {
			isa = PBXSourcesBuildPhase;
			buildActionMask = 2147483647;
			files = (
				1DA3657B23EC81E700068EEF /* OSETutorialViewController.m in Sources */,
				1D0DA5BC23C9F7B500BE11A6 /* OSEHistroyDetailViewController.m in Sources */,
				1DD8E9E323EFF1D400603887 /* OSEMutableDictionary.m in Sources */,
				1D0DA5B623C9F7B500BE11A6 /* AppDelegate.m in Sources */,
				1DE6311523E7D549002D0C0A /* OSEHomeViewController.m in Sources */,
				1D40937E242861EE00954C46 /* OSESlideMenuController.m in Sources */,
				1D0DA5C723C9F7B600BE11A6 /* main.m in Sources */,
				1D0DA5B923C9F7B500BE11A6 /* SceneDelegate.m in Sources */,
				1D409390242895C900954C46 /* OSESearchCenterViewController.m in Sources */,
				1D4093852428626E00954C46 /* OSELeftMenuController.m in Sources */,
				1D38B18123E95A0600DCE9F2 /* OSEBaseViewController.m in Sources */,
				1DEA1E6623ED2D5C00AC594A /* OSETutorialDetailViewController.m in Sources */,
				1D38B18423E966EF00DCE9F2 /* OSEResponder.m in Sources */,
			);
			runOnlyForDeploymentPostprocessing = 0;
		};
/* End PBXSourcesBuildPhase section */

/* Begin PBXVariantGroup section */
		1D0DA5BD23C9F7B500BE11A6 /* Main.storyboard */ = {
			isa = PBXVariantGroup;
			children = (
				1D0DA5BE23C9F7B500BE11A6 /* Base */,
				1D4C09C723F1B459004AD0D5 /* zh-Hans */,
				1D4C09CF23F1B555004AD0D5 /* zh-HK */,
				1D4C09D223F1B55B004AD0D5 /* zh-Hant */,
			);
			name = Main.storyboard;
			sourceTree = "<group>";
		};
		1D0DA5C223C9F7B600BE11A6 /* LaunchScreen.storyboard */ = {
			isa = PBXVariantGroup;
			children = (
				1D0DA5C323C9F7B600BE11A6 /* Base */,
				1D4C09C623F1B459004AD0D5 /* zh-Hans */,
				1D4C09CE23F1B554004AD0D5 /* zh-HK */,
				1D4C09D123F1B55B004AD0D5 /* zh-Hant */,
			);
			name = LaunchScreen.storyboard;
			sourceTree = "<group>";
		};
		1D4C09CC23F1B512004AD0D5 /* InfoPlist.strings */ = {
			isa = PBXVariantGroup;
			children = (
				1D4C09CB23F1B512004AD0D5 /* en */,
				1D4C09CD23F1B51A004AD0D5 /* zh-Hans */,
				1D4C09D023F1B555004AD0D5 /* zh-HK */,
				1D4C09D323F1B55B004AD0D5 /* zh-Hant */,
			);
			name = InfoPlist.strings;
			sourceTree = "<group>";
		};
		1D4C09D823F1B732004AD0D5 /* Localizable.strings */ = {
			isa = PBXVariantGroup;
			children = (
				1D4C09D723F1B732004AD0D5 /* en */,
				1D4C09D923F1B734004AD0D5 /* zh-HK */,
				1D4C09DA23F1B735004AD0D5 /* zh-Hans */,
				1D4C09DB23F1B736004AD0D5 /* zh-Hant */,
			);
			name = Localizable.strings;
			sourceTree = "<group>";
		};
/* End PBXVariantGroup section */

/* Begin XCBuildConfiguration section */
		1D0DA5C823C9F7B600BE11A6 /* Debug */ = {
			isa = XCBuildConfiguration;
			buildSettings = {
				ALWAYS_SEARCH_USER_PATHS = NO;
				CLANG_ANALYZER_LOCALIZABILITY_NONLOCALIZED = YES;
				CLANG_ANALYZER_NONNULL = YES;
				CLANG_ANALYZER_NUMBER_OBJECT_CONVERSION = YES_AGGRESSIVE;
				CLANG_CXX_LANGUAGE_STANDARD = "gnu++14";
				CLANG_CXX_LIBRARY = "libc++";
				CLANG_ENABLE_MODULES = YES;
				CLANG_ENABLE_OBJC_ARC = YES;
				CLANG_ENABLE_OBJC_WEAK = YES;
				CLANG_WARN_BLOCK_CAPTURE_AUTORELEASING = YES;
				CLANG_WARN_BOOL_CONVERSION = YES;
				CLANG_WARN_COMMA = YES;
				CLANG_WARN_CONSTANT_CONVERSION = YES;
				CLANG_WARN_DEPRECATED_OBJC_IMPLEMENTATIONS = YES;
				CLANG_WARN_DIRECT_OBJC_ISA_USAGE = YES_ERROR;
				CLANG_WARN_DOCUMENTATION_COMMENTS = YES;
				CLANG_WARN_EMPTY_BODY = YES;
				CLANG_WARN_ENUM_CONVERSION = YES;
				CLANG_WARN_INFINITE_RECURSION = YES;
				CLANG_WARN_INT_CONVERSION = YES;
				CLANG_WARN_NON_LITERAL_NULL_CONVERSION = YES;
				CLANG_WARN_OBJC_IMPLICIT_RETAIN_SELF = YES;
				CLANG_WARN_OBJC_LITERAL_CONVERSION = YES;
				CLANG_WARN_OBJC_ROOT_CLASS = YES_ERROR;
				CLANG_WARN_RANGE_LOOP_ANALYSIS = YES;
				CLANG_WARN_STRICT_PROTOTYPES = YES;
				CLANG_WARN_SUSPICIOUS_MOVE = YES;
				CLANG_WARN_UNGUARDED_AVAILABILITY = YES_AGGRESSIVE;
				CLANG_WARN_UNREACHABLE_CODE = YES;
				CLANG_WARN__DUPLICATE_METHOD_MATCH = YES;
				COPY_PHASE_STRIP = NO;
				DEBUG_INFORMATION_FORMAT = dwarf;
				ENABLE_STRICT_OBJC_MSGSEND = YES;
				ENABLE_TESTABILITY = YES;
				GCC_C_LANGUAGE_STANDARD = gnu11;
				GCC_DYNAMIC_NO_PIC = NO;
				GCC_NO_COMMON_BLOCKS = YES;
				GCC_OPTIMIZATION_LEVEL = 0;
				GCC_PREPROCESSOR_DEFINITIONS = (
					"DEBUG=1",
					"$(inherited)",
				);
				GCC_WARN_64_TO_32_BIT_CONVERSION = YES;
				GCC_WARN_ABOUT_RETURN_TYPE = YES_ERROR;
				GCC_WARN_UNDECLARED_SELECTOR = YES;
				GCC_WARN_UNINITIALIZED_AUTOS = YES_AGGRESSIVE;
				GCC_WARN_UNUSED_FUNCTION = YES;
				GCC_WARN_UNUSED_VARIABLE = YES;
				IPHONEOS_DEPLOYMENT_TARGET = 10;
				MTL_ENABLE_DEBUG_INFO = INCLUDE_SOURCE;
				MTL_FAST_MATH = YES;
				ONLY_ACTIVE_ARCH = YES;
				SDKROOT = iphoneos;
			};
			name = Debug;
		};
		1D0DA5C923C9F7B600BE11A6 /* Release */ = {
			isa = XCBuildConfiguration;
			buildSettings = {
				ALWAYS_SEARCH_USER_PATHS = NO;
				CLANG_ANALYZER_LOCALIZABILITY_NONLOCALIZED = YES;
				CLANG_ANALYZER_NONNULL = YES;
				CLANG_ANALYZER_NUMBER_OBJECT_CONVERSION = YES_AGGRESSIVE;
				CLANG_CXX_LANGUAGE_STANDARD = "gnu++14";
				CLANG_CXX_LIBRARY = "libc++";
				CLANG_ENABLE_MODULES = YES;
				CLANG_ENABLE_OBJC_ARC = YES;
				CLANG_ENABLE_OBJC_WEAK = YES;
				CLANG_WARN_BLOCK_CAPTURE_AUTORELEASING = YES;
				CLANG_WARN_BOOL_CONVERSION = YES;
				CLANG_WARN_COMMA = YES;
				CLANG_WARN_CONSTANT_CONVERSION = YES;
				CLANG_WARN_DEPRECATED_OBJC_IMPLEMENTATIONS = YES;
				CLANG_WARN_DIRECT_OBJC_ISA_USAGE = YES_ERROR;
				CLANG_WARN_DOCUMENTATION_COMMENTS = YES;
				CLANG_WARN_EMPTY_BODY = YES;
				CLANG_WARN_ENUM_CONVERSION = YES;
				CLANG_WARN_INFINITE_RECURSION = YES;
				CLANG_WARN_INT_CONVERSION = YES;
				CLANG_WARN_NON_LITERAL_NULL_CONVERSION = YES;
				CLANG_WARN_OBJC_IMPLICIT_RETAIN_SELF = YES;
				CLANG_WARN_OBJC_LITERAL_CONVERSION = YES;
				CLANG_WARN_OBJC_ROOT_CLASS = YES_ERROR;
				CLANG_WARN_RANGE_LOOP_ANALYSIS = YES;
				CLANG_WARN_STRICT_PROTOTYPES = YES;
				CLANG_WARN_SUSPICIOUS_MOVE = YES;
				CLANG_WARN_UNGUARDED_AVAILABILITY = YES_AGGRESSIVE;
				CLANG_WARN_UNREACHABLE_CODE = YES;
				CLANG_WARN__DUPLICATE_METHOD_MATCH = YES;
				COPY_PHASE_STRIP = NO;
				DEBUG_INFORMATION_FORMAT = "dwarf-with-dsym";
				ENABLE_NS_ASSERTIONS = NO;
				ENABLE_STRICT_OBJC_MSGSEND = YES;
				GCC_C_LANGUAGE_STANDARD = gnu11;
				GCC_NO_COMMON_BLOCKS = YES;
				GCC_WARN_64_TO_32_BIT_CONVERSION = YES;
				GCC_WARN_ABOUT_RETURN_TYPE = YES_ERROR;
				GCC_WARN_UNDECLARED_SELECTOR = YES;
				GCC_WARN_UNINITIALIZED_AUTOS = YES_AGGRESSIVE;
				GCC_WARN_UNUSED_FUNCTION = YES;
				GCC_WARN_UNUSED_VARIABLE = YES;
				IPHONEOS_DEPLOYMENT_TARGET = 10;
				MTL_ENABLE_DEBUG_INFO = NO;
				MTL_FAST_MATH = YES;
				SDKROOT = iphoneos;
				VALIDATE_PRODUCT = YES;
			};
			name = Release;
		};
		1D0DA5CB23C9F7B600BE11A6 /* Debug */ = {
			isa = XCBuildConfiguration;
			baseConfigurationReference = C6826047F940E9CB65D4316A /* Pods-OnlineShoppingEdge.debug.xcconfig */;
			buildSettings = {
				ASSETCATALOG_COMPILER_APPICON_NAME = AppIcon;
				CODE_SIGN_IDENTITY = "Apple Development";
				CODE_SIGN_STYLE = Automatic;
				CURRENT_PROJECT_VERSION = 7;
				DEVELOPMENT_TEAM = TVAL974929;
				INFOPLIST_FILE = OnlineShoppingEdge/Info.plist;
				LD_RUNPATH_SEARCH_PATHS = (
					"$(inherited)",
					"@executable_path/Frameworks",
				);
				MARKETING_VERSION = 0.0.1;
				PRODUCT_BUNDLE_IDENTIFIER = com.personalApp.OnlineShoppingEdge;
				PRODUCT_NAME = "网购利刃";
				PROVISIONING_PROFILE_SPECIFIER = "";
				TARGETED_DEVICE_FAMILY = "1,2";
			};
			name = Debug;
		};
		1D0DA5CC23C9F7B600BE11A6 /* Release */ = {
			isa = XCBuildConfiguration;
			baseConfigurationReference = 9BB9F59484FB019A5163DD4B /* Pods-OnlineShoppingEdge.release.xcconfig */;
			buildSettings = {
				ASSETCATALOG_COMPILER_APPICON_NAME = AppIcon;
				CODE_SIGN_IDENTITY = "iPhone Distribution";
				CODE_SIGN_STYLE = Manual;
				CURRENT_PROJECT_VERSION = 7;
				DEVELOPMENT_TEAM = TVAL974929;
				INFOPLIST_FILE = OnlineShoppingEdge/Info.plist;
				LD_RUNPATH_SEARCH_PATHS = (
					"$(inherited)",
					"@executable_path/Frameworks",
				);
				MARKETING_VERSION = 0.0.1;
				PRODUCT_BUNDLE_IDENTIFIER = com.personalApp.OnlineShoppingEdge;
				PRODUCT_NAME = "网购利刃";
				PROVISIONING_PROFILE_SPECIFIER = adhoc_Provision_profie;
				TARGETED_DEVICE_FAMILY = "1,2";
			};
			name = Release;
		};
/* End XCBuildConfiguration section */

/* Begin XCConfigurationList section */
		1D0DA5AC23C9F7B400BE11A6 /* Build configuration list for PBXProject "OnlineShoppingEdge" */ = {
			isa = XCConfigurationList;
			buildConfigurations = (
				1D0DA5C823C9F7B600BE11A6 /* Debug */,
				1D0DA5C923C9F7B600BE11A6 /* Release */,
			);
			defaultConfigurationIsVisible = 0;
			defaultConfigurationName = Release;
		};
		1D0DA5CA23C9F7B600BE11A6 /* Build configuration list for PBXNativeTarget "OnlineShoppingEdge" */ = {
			isa = XCConfigurationList;
			buildConfigurations = (
				1D0DA5CB23C9F7B600BE11A6 /* Debug */,
				1D0DA5CC23C9F7B600BE11A6 /* Release */,
			);
			defaultConfigurationIsVisible = 0;
			defaultConfigurationName = Release;
		};
/* End XCConfigurationList section */
	};
	rootObject = 1D0DA5A923C9F7B400BE11A6 /* Project object */;
}
